
Microsoft Visual Studio Solution File, Format Version 12.00
# Visual Studio Version 17
VisualStudioVersion = 17.11.35208.52
MinimumVisualStudioVersion = 10.0.40219.1
Project("{9A19103F-16F7-4668-BE54-9A1E7A4F7556}") = "BrailleNet.WebApp", "BrailleNet.WebApp\BrailleNet.WebApp.csproj", "{ACEF1233-1280-4FA3-897E-352C9CAD25B1}"
EndProject
Project("{9A19103F-16F7-4668-BE54-9A1E7A4F7556}") = "BrailleNet.Core", "BrailleNet.Core\BrailleNet.Core.csproj", "{CF1B41AF-675A-4599-A37C-92404BC49075}"
EndProject
Project("{FAE04EC0-301F-11D3-BF4B-00C04F79EFBC}") = "BrailleNet.Readers", "BrailleNet.Readers\BrailleNet.Readers.csproj", "{5DB2C962-C11A-4C75-9E22-8C26B0CD3893}"
EndProject
Global
	GlobalSection(SolutionConfigurationPlatforms) = preSolution
		Debug|Any CPU = Debug|Any CPU
		Release|Any CPU = Release|Any CPU
	EndGlobalSection
	GlobalSection(ProjectConfigurationPlatforms) = postSolution
		{ACEF1233-1280-4FA3-897E-352C9CAD25B1}.Debug|Any CPU.ActiveCfg = Debug|Any CPU
		{ACEF1233-1280-4FA3-897E-352C9CAD25B1}.Debug|Any CPU.Build.0 = Debug|Any CPU
		{ACEF1233-1280-4FA3-897E-352C9CAD25B1}.Release|Any CPU.ActiveCfg = Release|Any CPU
		{ACEF1233-1280-4FA3-897E-352C9CAD25B1}.Release|Any CPU.Build.0 = Release|Any CPU
		{CF1B41AF-675A-4599-A37C-92404BC49075}.Debug|Any CPU.ActiveCfg = Debug|Any CPU
		{CF1B41AF-675A-4599-A37C-92404BC49075}.Debug|Any CPU.Build.0 = Debug|Any CPU
		{CF1B41AF-675A-4599-A37C-92404BC49075}.Release|Any CPU.ActiveCfg = Release|Any CPU
		{CF1B41AF-675A-4599-A37C-92404BC49075}.Release|Any CPU.Build.0 = Release|Any CPU
		{5DB2C962-C11A-4C75-9E22-8C26B0CD3893}.Debug|Any CPU.ActiveCfg = Debug|Any CPU
		{5DB2C962-C11A-4C75-9E22-8C26B0CD3893}.Debug|Any CPU.Build.0 = Debug|Any CPU
		{5DB2C962-C11A-4C75-9E22-8C26B0CD3893}.Release|Any CPU.ActiveCfg = Release|Any CPU
		{5DB2C962-C11A-4C75-9E22-8C26B0CD3893}.Release|Any CPU.Build.0 = Release|Any CPU
	EndGlobalSection
	GlobalSection(SolutionProperties) = preSolution
		HideSolutionNode = FALSE
	EndGlobalSection
	GlobalSection(ExtensibilityGlobals) = postSolution
		SolutionGuid = {01F253B5-0E08-4AF3-AA25-81F1296B7C55}
	EndGlobalSection
EndGlobal
